
Microsoft Visual Studio Solution File, Format Version 12.00
# Visual Studio Version 17
VisualStudioVersion = 17.9.34622.214
MinimumVisualStudioVersion = 10.0.40219.1
Project("{9A19103F-16F7-4668-BE54-9A1E7A4F7556}") = "main", "main.csproj", "{7A7822C8-C645-446B-B914-4949C2130025}"
EndProject
Global
	GlobalSection(SolutionConfigurationPlatforms) = preSolution
		Debug|Any CPU = Debug|Any CPU
		Release|Any CPU = Release|Any CPU
	EndGlobalSection
	GlobalSection(ProjectConfigurationPlatforms) = postSolution
		{7A7822C8-C645-446B-B914-4949C2130025}.Debug|Any CPU.ActiveCfg = Debug|Any CPU
		{7A7822C8-C645-446B-B914-4949C2130025}.Debug|Any CPU.Build.0 = Debug|Any CPU
		{7A7822C8-C645-446B-B914-4949C2130025}.Release|Any CPU.ActiveCfg = Release|Any CPU
		{7A7822C8-C645-446B-B914-4949C2130025}.Release|Any CPU.Build.0 = Release|Any CPU
	EndGlobalSection
	GlobalSection(SolutionProperties) = preSolution
		HideSolutionNode = FALSE
	EndGlobalSection
	GlobalSection(ExtensibilityGlobals) = postSolution
		SolutionGuid = {77BA3510-B536-48A4-B35F-7C5C21B766C4}
	EndGlobalSection
EndGlobal
